
Microsoft Visual Studio Solution File, Format Version 12.00
# Visual Studio 15
Project("{FAE04EC0-301F-11D3-BF4B-00C04F79EFBC}") = "Oculus.Platform", "Oculus.Platform.csproj", "{0A99DAEC-7218-0CAF-90F1-F7C0FB6B1240}"
EndProject
Project("{FAE04EC0-301F-11D3-BF4B-00C04F79EFBC}") = "Assembly-CSharp", "Assembly-CSharp.csproj", "{914978B4-8237-C972-E9C5-74AAE195286B}"
EndProject
Project("{FAE04EC0-301F-11D3-BF4B-00C04F79EFBC}") = "PhotonUnityNetworking.Demos", "PhotonUnityNetworking.Demos.csproj", "{BD95848B-D1E9-D1BA-E0CB-E298FF62FB78}"
EndProject
Project("{FAE04EC0-301F-11D3-BF4B-00C04F79EFBC}") = "Oculus.VR", "Oculus.VR.csproj", "{1649D977-4062-A192-AC4A-75EF33C34346}"
EndProject
Project("{FAE04EC0-301F-11D3-BF4B-00C04F79EFBC}") = "PhotonRealtime", "PhotonRealtime.csproj", "{5C5DD05B-ED5D-E976-9208-DF4E47DB3E52}"
EndProject
Project("{FAE04EC0-301F-11D3-BF4B-00C04F79EFBC}") = "PhotonUnityNetworking", "PhotonUnityNetworking.csproj", "{EC4AB95A-486F-075E-0A67-E4BA5CAF4136}"
EndProject
Project("{FAE04EC0-301F-11D3-BF4B-00C04F79EFBC}") = "PhotonUnityNetworking.Utilities", "PhotonUnityNetworking.Utilities.csproj", "{84CE9B89-0476-C114-AEC5-412FC18AA805}"
EndProject
Project("{FAE04EC0-301F-11D3-BF4B-00C04F79EFBC}") = "PhotonChat", "PhotonChat.csproj", "{E56323D1-7D30-1441-8A2C-B59106E33A37}"
EndProject
Project("{FAE04EC0-301F-11D3-BF4B-00C04F79EFBC}") = "PhotonUnityNetworking.Editor", "PhotonUnityNetworking.Editor.csproj", "{9B776F55-11A3-035C-D68B-9C9D9C69B0A4}"
EndProject
Project("{FAE04EC0-301F-11D3-BF4B-00C04F79EFBC}") = "Assembly-CSharp-Editor", "Assembly-CSharp-Editor.csproj", "{3BFEC103-A8B9-B34D-12E9-FB5E86053D7D}"
EndProject
Project("{FAE04EC0-301F-11D3-BF4B-00C04F79EFBC}") = "Oculus.VR.Editor", "Oculus.VR.Editor.csproj", "{1060651B-73DD-EA83-F071-0FA090D54F5B}"
EndProject
Project("{FAE04EC0-301F-11D3-BF4B-00C04F79EFBC}") = "PhotonUnityNetworking.Utilities.PhotonPlayer.Editor", "PhotonUnityNetworking.Utilities.PhotonPlayer.Editor.csproj", "{5E56ECB6-54E1-B2C2-B937-F7EDE82F4213}"
EndProject
Project("{FAE04EC0-301F-11D3-BF4B-00C04F79EFBC}") = "Oculus.Platform.Editor", "Oculus.Platform.Editor.csproj", "{A4920C2B-C560-2EA3-D951-B7F777AD529D}"
EndProject
Project("{FAE04EC0-301F-11D3-BF4B-00C04F79EFBC}") = "PunDemos.DemoSlotcarEditor", "PunDemos.DemoSlotcarEditor.csproj", "{C07EBED2-590D-D397-2816-915F492B8EBD}"
EndProject
Project("{FAE04EC0-301F-11D3-BF4B-00C04F79EFBC}") = "Oculus.VR.Scripts.Editor", "Oculus.VR.Scripts.Editor.csproj", "{F67BD3D2-94C1-4325-E651-5927A70D3CF5}"
EndProject
Project("{FAE04EC0-301F-11D3-BF4B-00C04F79EFBC}") = "PhotonUnityNetworking.Utilities.Culling.Editor", "PhotonUnityNetworking.Utilities.Culling.Editor.csproj", "{EAD73D73-8207-2B45-2768-5797A09D69C8}"
EndProject
Project("{FAE04EC0-301F-11D3-BF4B-00C04F79EFBC}") = "PunDemos.DemoHubEditor", "PunDemos.DemoHubEditor.csproj", "{E461E025-2614-9461-D4AE-0FCECD1C91DD}"
EndProject
Global
	GlobalSection(SolutionConfigurationPlatforms) = preSolution
		Debug|Any CPU = Debug|Any CPU
		Release|Any CPU = Release|Any CPU
	EndGlobalSection
	GlobalSection(ProjectConfigurationPlatforms) = postSolution
		{0A99DAEC-7218-0CAF-90F1-F7C0FB6B1240}.Debug|Any CPU.ActiveCfg = Debug|Any CPU
		{0A99DAEC-7218-0CAF-90F1-F7C0FB6B1240}.Debug|Any CPU.Build.0 = Debug|Any CPU
		{0A99DAEC-7218-0CAF-90F1-F7C0FB6B1240}.Release|Any CPU.ActiveCfg = Release|Any CPU
		{0A99DAEC-7218-0CAF-90F1-F7C0FB6B1240}.Release|Any CPU.Build.0 = Release|Any CPU
		{914978B4-8237-C972-E9C5-74AAE195286B}.Debug|Any CPU.ActiveCfg = Debug|Any CPU
		{914978B4-8237-C972-E9C5-74AAE195286B}.Debug|Any CPU.Build.0 = Debug|Any CPU
		{914978B4-8237-C972-E9C5-74AAE195286B}.Release|Any CPU.ActiveCfg = Release|Any CPU
		{914978B4-8237-C972-E9C5-74AAE195286B}.Release|Any CPU.Build.0 = Release|Any CPU
		{BD95848B-D1E9-D1BA-E0CB-E298FF62FB78}.Debug|Any CPU.ActiveCfg = Debug|Any CPU
		{BD95848B-D1E9-D1BA-E0CB-E298FF62FB78}.Debug|Any CPU.Build.0 = Debug|Any CPU
		{BD95848B-D1E9-D1BA-E0CB-E298FF62FB78}.Release|Any CPU.ActiveCfg = Release|Any CPU
		{BD95848B-D1E9-D1BA-E0CB-E298FF62FB78}.Release|Any CPU.Build.0 = Release|Any CPU
		{1649D977-4062-A192-AC4A-75EF33C34346}.Debug|Any CPU.ActiveCfg = Debug|Any CPU
		{1649D977-4062-A192-AC4A-75EF33C34346}.Debug|Any CPU.Build.0 = Debug|Any CPU
		{1649D977-4062-A192-AC4A-75EF33C34346}.Release|Any CPU.ActiveCfg = Release|Any CPU
		{1649D977-4062-A192-AC4A-75EF33C34346}.Release|Any CPU.Build.0 = Release|Any CPU
		{5C5DD05B-ED5D-E976-9208-DF4E47DB3E52}.Debug|Any CPU.ActiveCfg = Debug|Any CPU
		{5C5DD05B-ED5D-E976-9208-DF4E47DB3E52}.Debug|Any CPU.Build.0 = Debug|Any CPU
		{5C5DD05B-ED5D-E976-9208-DF4E47DB3E52}.Release|Any CPU.ActiveCfg = Release|Any CPU
		{5C5DD05B-ED5D-E976-9208-DF4E47DB3E52}.Release|Any CPU.Build.0 = Release|Any CPU
		{EC4AB95A-486F-075E-0A67-E4BA5CAF4136}.Debug|Any CPU.ActiveCfg = Debug|Any CPU
		{EC4AB95A-486F-075E-0A67-E4BA5CAF4136}.Debug|Any CPU.Build.0 = Debug|Any CPU
		{EC4AB95A-486F-075E-0A67-E4BA5CAF4136}.Release|Any CPU.ActiveCfg = Release|Any CPU
		{EC4AB95A-486F-075E-0A67-E4BA5CAF4136}.Release|Any CPU.Build.0 = Release|Any CPU
		{84CE9B89-0476-C114-AEC5-412FC18AA805}.Debug|Any CPU.ActiveCfg = Debug|Any CPU
		{84CE9B89-0476-C114-AEC5-412FC18AA805}.Debug|Any CPU.Build.0 = Debug|Any CPU
		{84CE9B89-0476-C114-AEC5-412FC18AA805}.Release|Any CPU.ActiveCfg = Release|Any CPU
		{84CE9B89-0476-C114-AEC5-412FC18AA805}.Release|Any CPU.Build.0 = Release|Any CPU
		{E56323D1-7D30-1441-8A2C-B59106E33A37}.Debug|Any CPU.ActiveCfg = Debug|Any CPU
		{E56323D1-7D30-1441-8A2C-B59106E33A37}.Debug|Any CPU.Build.0 = Debug|Any CPU
		{E56323D1-7D30-1441-8A2C-B59106E33A37}.Release|Any CPU.ActiveCfg = Release|Any CPU
		{E56323D1-7D30-1441-8A2C-B59106E33A37}.Release|Any CPU.Build.0 = Release|Any CPU
		{9B776F55-11A3-035C-D68B-9C9D9C69B0A4}.Debug|Any CPU.ActiveCfg = Debug|Any CPU
		{9B776F55-11A3-035C-D68B-9C9D9C69B0A4}.Debug|Any CPU.Build.0 = Debug|Any CPU
		{9B776F55-11A3-035C-D68B-9C9D9C69B0A4}.Release|Any CPU.ActiveCfg = Release|Any CPU
		{9B776F55-11A3-035C-D68B-9C9D9C69B0A4}.Release|Any CPU.Build.0 = Release|Any CPU
		{3BFEC103-A8B9-B34D-12E9-FB5E86053D7D}.Debug|Any CPU.ActiveCfg = Debug|Any CPU
		{3BFEC103-A8B9-B34D-12E9-FB5E86053D7D}.Debug|Any CPU.Build.0 = Debug|Any CPU
		{3BFEC103-A8B9-B34D-12E9-FB5E86053D7D}.Release|Any CPU.ActiveCfg = Release|Any CPU
		{3BFEC103-A8B9-B34D-12E9-FB5E86053D7D}.Release|Any CPU.Build.0 = Release|Any CPU
		{1060651B-73DD-EA83-F071-0FA090D54F5B}.Debug|Any CPU.ActiveCfg = Debug|Any CPU
		{1060651B-73DD-EA83-F071-0FA090D54F5B}.Debug|Any CPU.Build.0 = Debug|Any CPU
		{1060651B-73DD-EA83-F071-0FA090D54F5B}.Release|Any CPU.ActiveCfg = Release|Any CPU
		{1060651B-73DD-EA83-F071-0FA090D54F5B}.Release|Any CPU.Build.0 = Release|Any CPU
		{5E56ECB6-54E1-B2C2-B937-F7EDE82F4213}.Debug|Any CPU.ActiveCfg = Debug|Any CPU
		{5E56ECB6-54E1-B2C2-B937-F7EDE82F4213}.Debug|Any CPU.Build.0 = Debug|Any CPU
		{5E56ECB6-54E1-B2C2-B937-F7EDE82F4213}.Release|Any CPU.ActiveCfg = Release|Any CPU
		{5E56ECB6-54E1-B2C2-B937-F7EDE82F4213}.Release|Any CPU.Build.0 = Release|Any CPU
		{A4920C2B-C560-2EA3-D951-B7F777AD529D}.Debug|Any CPU.ActiveCfg = Debug|Any CPU
		{A4920C2B-C560-2EA3-D951-B7F777AD529D}.Debug|Any CPU.Build.0 = Debug|Any CPU
		{A4920C2B-C560-2EA3-D951-B7F777AD529D}.Release|Any CPU.ActiveCfg = Release|Any CPU
		{A4920C2B-C560-2EA3-D951-B7F777AD529D}.Release|Any CPU.Build.0 = Release|Any CPU
		{C07EBED2-590D-D397-2816-915F492B8EBD}.Debug|Any CPU.ActiveCfg = Debug|Any CPU
		{C07EBED2-590D-D397-2816-915F492B8EBD}.Debug|Any CPU.Build.0 = Debug|Any CPU
		{C07EBED2-590D-D397-2816-915F492B8EBD}.Release|Any CPU.ActiveCfg = Release|Any CPU
		{C07EBED2-590D-D397-2816-915F492B8EBD}.Release|Any CPU.Build.0 = Release|Any CPU
		{F67BD3D2-94C1-4325-E651-5927A70D3CF5}.Debug|Any CPU.ActiveCfg = Debug|Any CPU
		{F67BD3D2-94C1-4325-E651-5927A70D3CF5}.Debug|Any CPU.Build.0 = Debug|Any CPU
		{F67BD3D2-94C1-4325-E651-5927A70D3CF5}.Release|Any CPU.ActiveCfg = Release|Any CPU
		{F67BD3D2-94C1-4325-E651-5927A70D3CF5}.Release|Any CPU.Build.0 = Release|Any CPU
		{EAD73D73-8207-2B45-2768-5797A09D69C8}.Debug|Any CPU.ActiveCfg = Debug|Any CPU
		{EAD73D73-8207-2B45-2768-5797A09D69C8}.Debug|Any CPU.Build.0 = Debug|Any CPU
		{EAD73D73-8207-2B45-2768-5797A09D69C8}.Release|Any CPU.ActiveCfg = Release|Any CPU
		{EAD73D73-8207-2B45-2768-5797A09D69C8}.Release|Any CPU.Build.0 = Release|Any CPU
		{E461E025-2614-9461-D4AE-0FCECD1C91DD}.Debug|Any CPU.ActiveCfg = Debug|Any CPU
		{E461E025-2614-9461-D4AE-0FCECD1C91DD}.Debug|Any CPU.Build.0 = Debug|Any CPU
		{E461E025-2614-9461-D4AE-0FCECD1C91DD}.Release|Any CPU.ActiveCfg = Release|Any CPU
		{E461E025-2614-9461-D4AE-0FCECD1C91DD}.Release|Any CPU.Build.0 = Release|Any CPU
	EndGlobalSection
	GlobalSection(SolutionProperties) = preSolution
		HideSolutionNode = FALSE
	EndGlobalSection
EndGlobal
